
Microsoft Visual Studio Solution File, Format Version 12.00
# Visual Studio Version 16
VisualStudioVersion = 16.0.30804.86
MinimumVisualStudioVersion = 10.0.40219.1
Project("{9A19103F-16F7-4668-BE54-9A1E7A4F7556}") = "BookShop.GUI", "Book.GUI\BookShop.GUI.csproj", "{06759AC3-9477-46E8-994C-473DFE8FCC56}"
EndProject
Project("{9A19103F-16F7-4668-BE54-9A1E7A4F7556}") = "BookShop.DAL", "Book.DAL\BookShop.DAL.csproj", "{A76BA509-4120-452A-A348-1F4552D7D838}"
EndProject
Project("{9A19103F-16F7-4668-BE54-9A1E7A4F7556}") = "BookShop.Models", "Book.Models\BookShop.Models.csproj", "{37A9D5A7-B411-4748-B9D9-450FF021C395}"
EndProject
Project("{FAE04EC0-301F-11D3-BF4B-00C04F79EFBC}") = "BookShop.Utility", "Book.Utility\BookShop.Utility.csproj", "{59109102-477E-46ED-82A2-77976793A290}"
EndProject
Global
	GlobalSection(SolutionConfigurationPlatforms) = preSolution
		Debug|Any CPU = Debug|Any CPU
		Release|Any CPU = Release|Any CPU
	EndGlobalSection
	GlobalSection(ProjectConfigurationPlatforms) = postSolution
		{06759AC3-9477-46E8-994C-473DFE8FCC56}.Debug|Any CPU.ActiveCfg = Debug|Any CPU
		{06759AC3-9477-46E8-994C-473DFE8FCC56}.Debug|Any CPU.Build.0 = Debug|Any CPU
		{06759AC3-9477-46E8-994C-473DFE8FCC56}.Release|Any CPU.ActiveCfg = Release|Any CPU
		{06759AC3-9477-46E8-994C-473DFE8FCC56}.Release|Any CPU.Build.0 = Release|Any CPU
		{A76BA509-4120-452A-A348-1F4552D7D838}.Debug|Any CPU.ActiveCfg = Debug|Any CPU
		{A76BA509-4120-452A-A348-1F4552D7D838}.Debug|Any CPU.Build.0 = Debug|Any CPU
		{A76BA509-4120-452A-A348-1F4552D7D838}.Release|Any CPU.ActiveCfg = Release|Any CPU
		{A76BA509-4120-452A-A348-1F4552D7D838}.Release|Any CPU.Build.0 = Release|Any CPU
		{37A9D5A7-B411-4748-B9D9-450FF021C395}.Debug|Any CPU.ActiveCfg = Debug|Any CPU
		{37A9D5A7-B411-4748-B9D9-450FF021C395}.Debug|Any CPU.Build.0 = Debug|Any CPU
		{37A9D5A7-B411-4748-B9D9-450FF021C395}.Release|Any CPU.ActiveCfg = Release|Any CPU
		{37A9D5A7-B411-4748-B9D9-450FF021C395}.Release|Any CPU.Build.0 = Release|Any CPU
		{59109102-477E-46ED-82A2-77976793A290}.Debug|Any CPU.ActiveCfg = Debug|Any CPU
		{59109102-477E-46ED-82A2-77976793A290}.Debug|Any CPU.Build.0 = Debug|Any CPU
		{59109102-477E-46ED-82A2-77976793A290}.Release|Any CPU.ActiveCfg = Release|Any CPU
		{59109102-477E-46ED-82A2-77976793A290}.Release|Any CPU.Build.0 = Release|Any CPU
	EndGlobalSection
	GlobalSection(SolutionProperties) = preSolution
		HideSolutionNode = FALSE
	EndGlobalSection
	GlobalSection(ExtensibilityGlobals) = postSolution
		SolutionGuid = {A0CF819B-8582-4970-A1DE-8A597DC00F3C}
	EndGlobalSection
EndGlobal
